
Microsoft Visual Studio Solution File, Format Version 12.00
# Visual Studio 15
VisualStudioVersion = 15.0.27130.2010
MinimumVisualStudioVersion = 10.0.40219.1
Project("{FAE04EC0-301F-11D3-BF4B-00C04F79EFBC}") = "Sentry", "Sentry.csproj", "{DB05F908-61B5-4131-84D9-2BD34EB2EDF7}"
EndProject
Global
	GlobalSection(SolutionConfigurationPlatforms) = preSolution
		Debug|Any CPU = Debug|Any CPU
		Release|Any CPU = Release|Any CPU
	EndGlobalSection
	GlobalSection(ProjectConfigurationPlatforms) = postSolution
		{DB05F908-61B5-4131-84D9-2BD34EB2EDF7}.Debug|Any CPU.ActiveCfg = Debug|Any CPU
		{DB05F908-61B5-4131-84D9-2BD34EB2EDF7}.Debug|Any CPU.Build.0 = Debug|Any CPU
		{DB05F908-61B5-4131-84D9-2BD34EB2EDF7}.Release|Any CPU.ActiveCfg = Release|Any CPU
		{DB05F908-61B5-4131-84D9-2BD34EB2EDF7}.Release|Any CPU.Build.0 = Release|Any CPU
	EndGlobalSection
	GlobalSection(SolutionProperties) = preSolution
		HideSolutionNode = FALSE
	EndGlobalSection
	GlobalSection(ExtensibilityGlobals) = postSolution
		SolutionGuid = {3F8B26CE-30F3-4C49-819B-4C8527A91522}
	EndGlobalSection
EndGlobal
